// !$*UTF8*$!
{
	archiveVersion = 1;
	classes = {
	};
	objectVersion = 46;
	objects = {

/* Begin PBXBuildFile section */
		4AB6BB0C1EC5D60700DA0730 /* AppDelegate.swift in Sources */ = {isa = PBXBuildFile; fileRef = 4AB6BB0B1EC5D60700DA0730 /* AppDelegate.swift */; };
		4AB6BB0E1EC5D60700DA0730 /* ViewController.swift in Sources */ = {isa = PBXBuildFile; fileRef = 4AB6BB0D1EC5D60700DA0730 /* ViewController.swift */; };
		4AB6BB111EC5D60700DA0730 /* Main.storyboard in Resources */ = {isa = PBXBuildFile; fileRef = 4AB6BB0F1EC5D60700DA0730 /* Main.storyboard */; };
		4AB6BB131EC5D60700DA0730 /* Assets.xcassets in Resources */ = {isa = PBXBuildFile; fileRef = 4AB6BB121EC5D60700DA0730 /* Assets.xcassets */; };
		4AB6BB161EC5D60700DA0730 /* LaunchScreen.storyboard in Resources */ = {isa = PBXBuildFile; fileRef = 4AB6BB141EC5D60700DA0730 /* LaunchScreen.storyboard */; };
		4AB6BB211EC5D60700DA0730 /* LoginSampleTests.swift in Sources */ = {isa = PBXBuildFile; fileRef = 4AB6BB201EC5D60700DA0730 /* LoginSampleTests.swift */; };
		4AB6BB2C1EC5D60700DA0730 /* LoginSampleUITests.swift in Sources */ = {isa = PBXBuildFile; fileRef = 4AB6BB2B1EC5D60700DA0730 /* LoginSampleUITests.swift */; };
/* End PBXBuildFile section */

/* Begin PBXContainerItemProxy section */
		4AB6BB1D1EC5D60700DA0730 /* PBXContainerItemProxy */ = {
			isa = PBXContainerItemProxy;
			containerPortal = 4AB6BB001EC5D60700DA0730 /* Project object */;
			proxyType = 1;
			remoteGlobalIDString = 4AB6BB071EC5D60700DA0730;
			remoteInfo = LoginSample;
		};
		4AB6BB281EC5D60700DA0730 /* PBXContainerItemProxy */ = {
			isa = PBXContainerItemProxy;
			containerPortal = 4AB6BB001EC5D60700DA0730 /* Project object */;
			proxyType = 1;
			remoteGlobalIDString = 4AB6BB071EC5D60700DA0730;
			remoteInfo = LoginSample;
		};
/* End PBXContainerItemProxy section */

/* Begin PBXFileReference section */
		4AB6BB081EC5D60700DA0730 /* LoginSample.app */ = {isa = PBXFileReference; explicitFileType = wrapper.application; includeInIndex = 0; path = LoginSample.app; sourceTree = BUILT_PRODUCTS_DIR; };
		4AB6BB0B1EC5D60700DA0730 /* AppDelegate.swift */ = {isa = PBXFileReference; lastKnownFileType = sourcecode.swift; path = AppDelegate.swift; sourceTree = "<group>"; };
		4AB6BB0D1EC5D60700DA0730 /* ViewController.swift */ = {isa = PBXFileReference; lastKnownFileType = sourcecode.swift; path = ViewController.swift; sourceTree = "<group>"; };
		4AB6BB101EC5D60700DA0730 /* Base */ = {isa = PBXFileReference; lastKnownFileType = file.storyboard; name = Base; path = Base.lproj/Main.storyboard; sourceTree = "<group>"; };
		4AB6BB121EC5D60700DA0730 /* Assets.xcassets */ = {isa = PBXFileReference; lastKnownFileType = folder.assetcatalog; path = Assets.xcassets; sourceTree = "<group>"; };
		4AB6BB151EC5D60700DA0730 /* Base */ = {isa = PBXFileReference; lastKnownFileType = file.storyboard; name = Base; path = Base.lproj/LaunchScreen.storyboard; sourceTree = "<group>"; };
		4AB6BB171EC5D60700DA0730 /* Info.plist */ = {isa = PBXFileReference; lastKnownFileType = text.plist.xml; path = Info.plist; sourceTree = "<group>"; };
		4AB6BB1C1EC5D60700DA0730 /* LoginSampleTests.xctest */ = {isa = PBXFileReference; explicitFileType = wrapper.cfbundle; includeInIndex = 0; path = LoginSampleTests.xctest; sourceTree = BUILT_PRODUCTS_DIR; };
		4AB6BB201EC5D60700DA0730 /* LoginSampleTests.swift */ = {isa = PBXFileReference; lastKnownFileType = sourcecode.swift; path = LoginSampleTests.swift; sourceTree = "<group>"; };
		4AB6BB221EC5D60700DA0730 /* Info.plist */ = {isa = PBXFileReference; lastKnownFileType = text.plist.xml; path = Info.plist; sourceTree = "<group>"; };
		4AB6BB271EC5D60700DA0730 /* LoginSampleUITests.xctest */ = {isa = PBXFileReference; explicitFileType = wrapper.cfbundle; includeInIndex = 0; path = LoginSampleUITests.xctest; sourceTree = BUILT_PRODUCTS_DIR; };
		4AB6BB2B1EC5D60700DA0730 /* LoginSampleUITests.swift */ = {isa = PBXFileReference; lastKnownFileType = sourcecode.swift; path = LoginSampleUITests.swift; sourceTree = "<group>"; };
		4AB6BB2D1EC5D60700DA0730 /* Info.plist */ = {isa = PBXFileReference; lastKnownFileType = text.plist.xml; path = Info.plist; sourceTree = "<group>"; };
/* End PBXFileReference section */

/* Begin PBXFrameworksBuildPhase section */
		4AB6BB051EC5D60700DA0730 /* Frameworks */ = {
			isa = PBXFrameworksBuildPhase;
			buildActionMask = 2147483647;
			files = (
			);
			runOnlyForDeploymentPostprocessing = 0;
		};
		4AB6BB191EC5D60700DA0730 /* Frameworks */ = {
			isa = PBXFrameworksBuildPhase;
			buildActionMask = 2147483647;
			files = (
			);
			runOnlyForDeploymentPostprocessing = 0;
		};
		4AB6BB241EC5D60700DA0730 /* Frameworks */ = {
			isa = PBXFrameworksBuildPhase;
			buildActionMask = 2147483647;
			files = (
			);
			runOnlyForDeploymentPostprocessing = 0;
		};
/* End PBXFrameworksBuildPhase section */

/* Begin PBXGroup section */
		4AB6BAFF1EC5D60700DA0730 = {
			isa = PBXGroup;
			children = (
				4AB6BB0A1EC5D60700DA0730 /* LoginSample */,
				4AB6BB1F1EC5D60700DA0730 /* LoginSampleTests */,
				4AB6BB2A1EC5D60700DA0730 /* LoginSampleUITests */,
				4AB6BB091EC5D60700DA0730 /* Products */,
			);
			sourceTree = "<group>";
		};
		4AB6BB091EC5D60700DA0730 /* Products */ = {
			isa = PBXGroup;
			children = (
				4AB6BB081EC5D60700DA0730 /* LoginSample.app */,
				4AB6BB1C1EC5D60700DA0730 /* LoginSampleTests.xctest */,
				4AB6BB271EC5D60700DA0730 /* LoginSampleUITests.xctest */,
			);
			name = Products;
			sourceTree = "<group>";
		};
		4AB6BB0A1EC5D60700DA0730 /* LoginSample */ = {
			isa = PBXGroup;
			children = (
				4AB6BB0B1EC5D60700DA0730 /* AppDelegate.swift */,
				4AB6BB0D1EC5D60700DA0730 /* ViewController.swift */,
				4AB6BB0F1EC5D60700DA0730 /* Main.storyboard */,
				4AB6BB121EC5D60700DA0730 /* Assets.xcassets */,
				4AB6BB141EC5D60700DA0730 /* LaunchScreen.storyboard */,
				4AB6BB171EC5D60700DA0730 /* Info.plist */,
			);
			path = LoginSample;
			sourceTree = "<group>";
		};
		4AB6BB1F1EC5D60700DA0730 /* LoginSampleTests */ = {
			isa = PBXGroup;
			children = (
				4AB6BB201EC5D60700DA0730 /* LoginSampleTests.swift */,
				4AB6BB221EC5D60700DA0730 /* Info.plist */,
			);
			path = LoginSampleTests;
			sourceTree = "<group>";
		};
		4AB6BB2A1EC5D60700DA0730 /* LoginSampleUITests */ = {
			isa = PBXGroup;
			children = (
				4AB6BB2B1EC5D60700DA0730 /* LoginSampleUITests.swift */,
				4AB6BB2D1EC5D60700DA0730 /* Info.plist */,
			);
			path = LoginSampleUITests;
			sourceTree = "<group>";
		};
/* End PBXGroup section */

/* Begin PBXNativeTarget section */
		4AB6BB071EC5D60700DA0730 /* LoginSample */ = {
			isa = PBXNativeTarget;
			buildConfigurationList = 4AB6BB301EC5D60700DA0730 /* Build configuration list for PBXNativeTarget "LoginSample" */;
			buildPhases = (
				4AB6BB041EC5D60700DA0730 /* Sources */,
				4AB6BB051EC5D60700DA0730 /* Frameworks */,
				4AB6BB061EC5D60700DA0730 /* Resources */,
			);
			buildRules = (
			);
			dependencies = (
			);
			name = LoginSample;
			productName = LoginSample;
			productReference = 4AB6BB081EC5D60700DA0730 /* LoginSample.app */;
			productType = "com.apple.product-type.application";
		};
		4AB6BB1B1EC5D60700DA0730 /* LoginSampleTests */ = {
			isa = PBXNativeTarget;
			buildConfigurationList = 4AB6BB331EC5D60700DA0730 /* Build configuration list for PBXNativeTarget "LoginSampleTests" */;
			buildPhases = (
				4AB6BB181EC5D60700DA0730 /* Sources */,
				4AB6BB191EC5D60700DA0730 /* Frameworks */,
				4AB6BB1A1EC5D60700DA0730 /* Resources */,
			);
			buildRules = (
			);
			dependencies = (
				4AB6BB1E1EC5D60700DA0730 /* PBXTargetDependency */,
			);
			name = LoginSampleTests;
			productName = LoginSampleTests;
			productReference = 4AB6BB1C1EC5D60700DA0730 /* LoginSampleTests.xctest */;
			productType = "com.apple.product-type.bundle.unit-test";
		};
		4AB6BB261EC5D60700DA0730 /* LoginSampleUITests */ = {
			isa = PBXNativeTarget;
			buildConfigurationList = 4AB6BB361EC5D60700DA0730 /* Build configuration list for PBXNativeTarget "LoginSampleUITests" */;
			buildPhases = (
				4AB6BB231EC5D60700DA0730 /* Sources */,
				4AB6BB241EC5D60700DA0730 /* Frameworks */,
				4AB6BB251EC5D60700DA0730 /* Resources */,
			);
			buildRules = (
			);
			dependencies = (
				4AB6BB291EC5D60700DA0730 /* PBXTargetDependency */,
			);
			name = LoginSampleUITests;
			productName = LoginSampleUITests;
			productReference = 4AB6BB271EC5D60700DA0730 /* LoginSampleUITests.xctest */;
			productType = "com.apple.product-type.bundle.ui-testing";
		};
/* End PBXNativeTarget section */

/* Begin PBXProject section */
		4AB6BB001EC5D60700DA0730 /* Project object */ = {
			isa = PBXProject;
			attributes = {
				LastSwiftUpdateCheck = 0830;
				LastUpgradeCheck = 0830;
				ORGANIZATIONNAME = Think42Labs;
				TargetAttributes = {
					4AB6BB071EC5D60700DA0730 = {
						CreatedOnToolsVersion = 8.3.1;
						ProvisioningStyle = Automatic;
					};
					4AB6BB1B1EC5D60700DA0730 = {
						CreatedOnToolsVersion = 8.3.1;
						ProvisioningStyle = Automatic;
						TestTargetID = 4AB6BB071EC5D60700DA0730;
					};
					4AB6BB261EC5D60700DA0730 = {
						CreatedOnToolsVersion = 8.3.1;
						ProvisioningStyle = Automatic;
						TestTargetID = 4AB6BB071EC5D60700DA0730;
					};
				};
			};
			buildConfigurationList = 4AB6BB031EC5D60700DA0730 /* Build configuration list for PBXProject "LoginSample" */;
			compatibilityVersion = "Xcode 3.2";
			developmentRegion = English;
			hasScannedForEncodings = 0;
			knownRegions = (
				en,
				Base,
			);
			mainGroup = 4AB6BAFF1EC5D60700DA0730;
			productRefGroup = 4AB6BB091EC5D60700DA0730 /* Products */;
			projectDirPath = "";
			projectRoot = "";
			targets = (
				4AB6BB071EC5D60700DA0730 /* LoginSample */,
				4AB6BB1B1EC5D60700DA0730 /* LoginSampleTests */,
				4AB6BB261EC5D60700DA0730 /* LoginSampleUITests */,
			);
		};
/* End PBXProject section */

/* Begin PBXResourcesBuildPhase section */
		4AB6BB061EC5D60700DA0730 /* Resources */ = {
			isa = PBXResourcesBuildPhase;
			buildActionMask = 2147483647;
			files = (
				4AB6BB161EC5D60700DA0730 /* LaunchScreen.storyboard in Resources */,
				4AB6BB131EC5D60700DA0730 /* Assets.xcassets in Resources */,
				4AB6BB111EC5D60700DA0730 /* Main.storyboard in Resources */,
			);
			runOnlyForDeploymentPostprocessing = 0;
		};
		4AB6BB1A1EC5D60700DA0730 /* Resources */ = {
			isa = PBXResourcesBuildPhase;
			buildActionMask = 2147483647;
			files = (
			);
			runOnlyForDeploymentPostprocessing = 0;
		};
		4AB6BB251EC5D60700DA0730 /* Resources */ = {
			isa = PBXResourcesBuildPhase;
			buildActionMask = 2147483647;
			files = (
			);
			runOnlyForDeploymentPostprocessing = 0;
		};
/* End PBXResourcesBuildPhase section */

/* Begin PBXSourcesBuildPhase section */
		4AB6BB041EC5D60700DA0730 /* Sources */ = {
			isa = PBXSourcesBuildPhase;
			buildActionMask = 2147483647;
			files = (
				4AB6BB0E1EC5D60700DA0730 /* ViewController.swift in Sources */,
				4AB6BB0C1EC5D60700DA0730 /* AppDelegate.swift in Sources */,
			);
			runOnlyForDeploymentPostprocessing = 0;
		};
		4AB6BB181EC5D60700DA0730 /* Sources */ = {
			isa = PBXSourcesBuildPhase;
			buildActionMask = 2147483647;
			files = (
				4AB6BB211EC5D60700DA0730 /* LoginSampleTests.swift in Sources */,
			);
			runOnlyForDeploymentPostprocessing = 0;
		};
		4AB6BB231EC5D60700DA0730 /* Sources */ = {
			isa = PBXSourcesBuildPhase;
			buildActionMask = 2147483647;
			files = (
				4AB6BB2C1EC5D60700DA0730 /* LoginSampleUITests.swift in Sources */,
			);
			runOnlyForDeploymentPostprocessing = 0;
		};
/* End PBXSourcesBuildPhase section */

/* Begin PBXTargetDependency section */
		4AB6BB1E1EC5D60700DA0730 /* PBXTargetDependency */ = {
			isa = PBXTargetDependency;
			target = 4AB6BB071EC5D60700DA0730 /* LoginSample */;
			targetProxy = 4AB6BB1D1EC5D60700DA0730 /* PBXContainerItemProxy */;
		};
		4AB6BB291EC5D60700DA0730 /* PBXTargetDependency */ = {
			isa = PBXTargetDependency;
			target = 4AB6BB071EC5D60700DA0730 /* LoginSample */;
			targetProxy = 4AB6BB281EC5D60700DA0730 /* PBXContainerItemProxy */;
		};
/* End PBXTargetDependency section */

/* Begin PBXVariantGroup section */
		4AB6BB0F1EC5D60700DA0730 /* Main.storyboard */ = {
			isa = PBXVariantGroup;
			children = (
				4AB6BB101EC5D60700DA0730 /* Base */,
			);
			name = Main.storyboard;
			sourceTree = "<group>";
		};
		4AB6BB141EC5D60700DA0730 /* LaunchScreen.storyboard */ = {
			isa = PBXVariantGroup;
			children = (
				4AB6BB151EC5D60700DA0730 /* Base */,
			);
			name = LaunchScreen.storyboard;
			sourceTree = "<group>";
		};
/* End PBXVariantGroup section */

/* Begin XCBuildConfiguration section */
		4AB6BB2E1EC5D60700DA0730 /* Debug */ = {
			isa = XCBuildConfiguration;
			buildSettings = {
				ALWAYS_SEARCH_USER_PATHS = NO;
				CLANG_ANALYZER_NONNULL = YES;
				CLANG_ANALYZER_NUMBER_OBJECT_CONVERSION = YES_AGGRESSIVE;
				CLANG_CXX_LANGUAGE_STANDARD = "gnu++0x";
				CLANG_CXX_LIBRARY = "libc++";
				CLANG_ENABLE_MODULES = YES;
				CLANG_ENABLE_OBJC_ARC = YES;
				CLANG_WARN_BOOL_CONVERSION = YES;
				CLANG_WARN_CONSTANT_CONVERSION = YES;
				CLANG_WARN_DIRECT_OBJC_ISA_USAGE = YES_ERROR;
				CLANG_WARN_DOCUMENTATION_COMMENTS = YES;
				CLANG_WARN_EMPTY_BODY = YES;
				CLANG_WARN_ENUM_CONVERSION = YES;
				CLANG_WARN_INFINITE_RECURSION = YES;
				CLANG_WARN_INT_CONVERSION = YES;
				CLANG_WARN_OBJC_ROOT_CLASS = YES_ERROR;
				CLANG_WARN_SUSPICIOUS_MOVE = YES;
				CLANG_WARN_UNREACHABLE_CODE = YES;
				CLANG_WARN__DUPLICATE_METHOD_MATCH = YES;
				"CODE_SIGN_IDENTITY[sdk=iphoneos*]" = "iPhone Developer";
				COPY_PHASE_STRIP = NO;
				DEBUG_INFORMATION_FORMAT = dwarf;
				ENABLE_STRICT_OBJC_MSGSEND = YES;
				ENABLE_TESTABILITY = YES;
				GCC_C_LANGUAGE_STANDARD = gnu99;
				GCC_DYNAMIC_NO_PIC = NO;
				GCC_NO_COMMON_BLOCKS = YES;
				GCC_OPTIMIZATION_LEVEL = 0;
				GCC_PREPROCESSOR_DEFINITIONS = (
					"DEBUG=1",
					"$(inherited)",
				);
				GCC_WARN_64_TO_32_BIT_CONVERSION = YES;
				GCC_WARN_ABOUT_RETURN_TYPE = YES_ERROR;
				GCC_WARN_UNDECLARED_SELECTOR = YES;
				GCC_WARN_UNINITIALIZED_AUTOS = YES_AGGRESSIVE;
				GCC_WARN_UNUSED_FUNCTION = YES;
				GCC_WARN_UNUSED_VARIABLE = YES;
				IPHONEOS_DEPLOYMENT_TARGET = 10.3;
				MTL_ENABLE_DEBUG_INFO = YES;
				ONLY_ACTIVE_ARCH = YES;
				SDKROOT = iphoneos;
				SWIFT_ACTIVE_COMPILATION_CONDITIONS = DEBUG;
				SWIFT_OPTIMIZATION_LEVEL = "-Onone";
				TARGETED_DEVICE_FAMILY = "1,2";
			};
			name = Debug;
		};
		4AB6BB2F1EC5D60700DA0730 /* Release */ = {
			isa = XCBuildConfiguration;
			buildSettings = {
				ALWAYS_SEARCH_USER_PATHS = NO;
				CLANG_ANALYZER_NONNULL = YES;
				CLANG_ANALYZER_NUMBER_OBJECT_CONVERSION = YES_AGGRESSIVE;
				CLANG_CXX_LANGUAGE_STANDARD = "gnu++0x";
				CLANG_CXX_LIBRARY = "libc++";
				CLANG_ENABLE_MODULES = YES;
				CLANG_ENABLE_OBJC_ARC = YES;
				CLANG_WARN_BOOL_CONVERSION = YES;
				CLANG_WARN_CONSTANT_CONVERSION = YES;
				CLANG_WARN_DIRECT_OBJC_ISA_USAGE = YES_ERROR;
				CLANG_WARN_DOCUMENTATION_COMMENTS = YES;
				CLANG_WARN_EMPTY_BODY = YES;
				CLANG_WARN_ENUM_CONVERSION = YES;
				CLANG_WARN_INFINITE_RECURSION = YES;
				CLANG_WARN_INT_CONVERSION = YES;
				CLANG_WARN_OBJC_ROOT_CLASS = YES_ERROR;
				CLANG_WARN_SUSPICIOUS_MOVE = YES;
				CLANG_WARN_UNREACHABLE_CODE = YES;
				CLANG_WARN__DUPLICATE_METHOD_MATCH = YES;
				"CODE_SIGN_IDENTITY[sdk=iphoneos*]" = "iPhone Developer";
				COPY_PHASE_STRIP = NO;
				DEBUG_INFORMATION_FORMAT = "dwarf-with-dsym";
				ENABLE_NS_ASSERTIONS = NO;
				ENABLE_STRICT_OBJC_MSGSEND = YES;
				GCC_C_LANGUAGE_STANDARD = gnu99;
				GCC_NO_COMMON_BLOCKS = YES;
				GCC_WARN_64_TO_32_BIT_CONVERSION = YES;
				GCC_WARN_ABOUT_RETURN_TYPE = YES_ERROR;
				GCC_WARN_UNDECLARED_SELECTOR = YES;
				GCC_WARN_UNINITIALIZED_AUTOS = YES_AGGRESSIVE;
				GCC_WARN_UNUSED_FUNCTION = YES;
				GCC_WARN_UNUSED_VARIABLE = YES;
				IPHONEOS_DEPLOYMENT_TARGET = 10.3;
				MTL_ENABLE_DEBUG_INFO = NO;
				SDKROOT = iphoneos;
				SWIFT_OPTIMIZATION_LEVEL = "-Owholemodule";
				TARGETED_DEVICE_FAMILY = "1,2";
				VALIDATE_PRODUCT = YES;
			};
			name = Release;
		};
		4AB6BB311EC5D60700DA0730 /* Debug */ = {
			isa = XCBuildConfiguration;
			buildSettings = {
				ASSETCATALOG_COMPILER_APPICON_NAME = AppIcon;
				INFOPLIST_FILE = LoginSample/Info.plist;
				LD_RUNPATH_SEARCH_PATHS = "$(inherited) @executable_path/Frameworks";
				PRODUCT_BUNDLE_IDENTIFIER = VideoPlayer.LoginSample;
				PRODUCT_NAME = "$(TARGET_NAME)";
				SWIFT_VERSION = 3.0;
			};
			name = Debug;
		};
		4AB6BB321EC5D60700DA0730 /* Release */ = {
			isa = XCBuildConfiguration;
			buildSettings = {
				ASSETCATALOG_COMPILER_APPICON_NAME = AppIcon;
				INFOPLIST_FILE = LoginSample/Info.plist;
				LD_RUNPATH_SEARCH_PATHS = "$(inherited) @executable_path/Frameworks";
				PRODUCT_BUNDLE_IDENTIFIER = VideoPlayer.LoginSample;
				PRODUCT_NAME = "$(TARGET_NAME)";
				SWIFT_VERSION = 3.0;
			};
			name = Release;
		};
		4AB6BB341EC5D60700DA0730 /* Debug */ = {
			isa = XCBuildConfiguration;
			buildSettings = {
				ALWAYS_EMBED_SWIFT_STANDARD_LIBRARIES = YES;
				BUNDLE_LOADER = "$(TEST_HOST)";
				INFOPLIST_FILE = LoginSampleTests/Info.plist;
				LD_RUNPATH_SEARCH_PATHS = "$(inherited) @executable_path/Frameworks @loader_path/Frameworks";
				PRODUCT_BUNDLE_IDENTIFIER = VideoPlayer.LoginSampleTests;
				PRODUCT_NAME = "$(TARGET_NAME)";
				SWIFT_VERSION = 3.0;
				TEST_HOST = "$(BUILT_PRODUCTS_DIR)/LoginSample.app/LoginSample";
			};
			name = Debug;
		};
		4AB6BB351EC5D60700DA0730 /* Release */ = {
			isa = XCBuildConfiguration;
			buildSettings = {
				ALWAYS_EMBED_SWIFT_STANDARD_LIBRARIES = YES;
				BUNDLE_LOADER = "$(TEST_HOST)";
				INFOPLIST_FILE = LoginSampleTests/Info.plist;
				LD_RUNPATH_SEARCH_PATHS = "$(inherited) @executable_path/Frameworks @loader_path/Frameworks";
				PRODUCT_BUNDLE_IDENTIFIER = VideoPlayer.LoginSampleTests;
				PRODUCT_NAME = "$(TARGET_NAME)";
				SWIFT_VERSION = 3.0;
				TEST_HOST = "$(BUILT_PRODUCTS_DIR)/LoginSample.app/LoginSample";
			};
			name = Release;
		};
		4AB6BB371EC5D60700DA0730 /* Debug */ = {
			isa = XCBuildConfiguration;
			buildSettings = {
				ALWAYS_EMBED_SWIFT_STANDARD_LIBRARIES = YES;
				INFOPLIST_FILE = LoginSampleUITests/Info.plist;
				LD_RUNPATH_SEARCH_PATHS = "$(inherited) @executable_path/Frameworks @loader_path/Frameworks";
				PRODUCT_BUNDLE_IDENTIFIER = VideoPlayer.LoginSampleUITests;
				PRODUCT_NAME = "$(TARGET_NAME)";
				SWIFT_VERSION = 3.0;
				TEST_TARGET_NAME = LoginSample;
			};
			name = Debug;
		};
		4AB6BB381EC5D60700DA0730 /* Release */ = {
			isa = XCBuildConfiguration;
			buildSettings = {
				ALWAYS_EMBED_SWIFT_STANDARD_LIBRARIES = YES;
				INFOPLIST_FILE = LoginSampleUITests/Info.plist;
				LD_RUNPATH_SEARCH_PATHS = "$(inherited) @executable_path/Frameworks @loader_path/Frameworks";
				PRODUCT_BUNDLE_IDENTIFIER = VideoPlayer.LoginSampleUITests;
				PRODUCT_NAME = "$(TARGET_NAME)";
				SWIFT_VERSION = 3.0;
				TEST_TARGET_NAME = LoginSample;
			};
			name = Release;
		};
/* End XCBuildConfiguration section */

/* Begin XCConfigurationList section */
		4AB6BB031EC5D60700DA0730 /* Build configuration list for PBXProject "LoginSample" */ = {
			isa = XCConfigurationList;
			buildConfigurations = (
				4AB6BB2E1EC5D60700DA0730 /* Debug */,
				4AB6BB2F1EC5D60700DA0730 /* Release */,
			);
			defaultConfigurationIsVisible = 0;
			defaultConfigurationName = Release;
		};
		4AB6BB301EC5D60700DA0730 /* Build configuration list for PBXNativeTarget "LoginSample" */ = {
			isa = XCConfigurationList;
			buildConfigurations = (
				4AB6BB311EC5D60700DA0730 /* Debug */,
				4AB6BB321EC5D60700DA0730 /* Release */,
			);
			defaultConfigurationIsVisible = 0;
		};
		4AB6BB331EC5D60700DA0730 /* Build configuration list for PBXNativeTarget "LoginSampleTests" */ = {
			isa = XCConfigurationList;
			buildConfigurations = (
				4AB6BB341EC5D60700DA0730 /* Debug */,
				4AB6BB351EC5D60700DA0730 /* Release */,
			);
			defaultConfigurationIsVisible = 0;
		};
		4AB6BB361EC5D60700DA0730 /* Build configuration list for PBXNativeTarget "LoginSampleUITests" */ = {
			isa = XCConfigurationList;
			buildConfigurations = (
				4AB6BB371EC5D60700DA0730 /* Debug */,
				4AB6BB381EC5D60700DA0730 /* Release */,
			);
			defaultConfigurationIsVisible = 0;
		};
/* End XCConfigurationList section */
	};
	rootObject = 4AB6BB001EC5D60700DA0730 /* Project object */;
}
